<?xml version="1.0" encoding="utf-8"?>
<Project ToolsVersion="4.0" xmlns="http://schemas.microsoft.com/developer/msbuild/2003">
  <ItemGroup>
    <Filter Include="源文件">
      <UniqueIdentifier>{4FC737F1-C7A5-4376-A066-2A32D752A2FF}</UniqueIdentifier>
      <Extensions>cpp;c;cc;cxx;def;odl;idl;hpj;bat;asm;asmx</Extensions>
    </Filter>
    <Filter Include="头文件">
      <UniqueIdentifier>{93995380-89BD-4b04-88EB-625FBE52EBFB}</UniqueIdentifier>
      <Extensions>h;hh;hpp;hxx;hm;inl;inc;ipp;xsd</Extensions>
    </Filter>
    <Filter Include="资源文件">
      <UniqueIdentifier>{67DA6AB6-F800-4c08-8B7A-83BB121AAD01}</UniqueIdentifier>
      <Extensions>rc;ico;cur;bmp;dlg;rc2;rct;bin;rgs;gif;jpg;jpeg;jpe;resx;tiff;tif;png;wav;mfcribbon-ms</Extensions>
    </Filter>
    <Filter Include="base">
      <UniqueIdentifier>{c67da19f-a4d1-41c3-98d2-3a7aa9cc87ed}</UniqueIdentifier>
    </Filter>
    <Filter Include="base\alloter">
      <UniqueIdentifier>{295213b1-af0b-4c79-83bb-1e505a6503f9}</UniqueIdentifier>
    </Filter>
    <Filter Include="config">
      <UniqueIdentifier>{3ebc1094-0ad6-4359-82e7-9bbbb9c28ee4}</UniqueIdentifier>
    </Filter>
    <Filter Include="base\buffer">
      <UniqueIdentifier>{5d5e3bad-c99c-44fd-a71a-0ceed7d79ad0}</UniqueIdentifier>
    </Filter>
    <Filter Include="base\struct">
      <UniqueIdentifier>{71110ee3-3fbb-4f73-8a66-3551c4e56b1f}</UniqueIdentifier>
    </Filter>
    <Filter Include="base\thread">
      <UniqueIdentifier>{4c9c218f-2b23-4b90-94c8-36b6a98f39f4}</UniqueIdentifier>
    </Filter>
    <Filter Include="base\timer">
      <UniqueIdentifier>{5efd1310-8425-4198-aa7a-5b5741d170a6}</UniqueIdentifier>
    </Filter>
    <Filter Include="base\util">
      <UniqueIdentifier>{4f6a7816-7ae1-4b4d-9a8b-2ad752c86221}</UniqueIdentifier>
    </Filter>
  </ItemGroup>
  <ItemGroup>
    <ClCompile Include="SinglyList.cpp">
      <Filter>源文件</Filter>
    </ClCompile>
    <ClCompile Include="test.cpp">
      <Filter>源文件</Filter>
    </ClCompile>
    <ClCompile Include="base\alloter\NormalAlloter.cpp">
      <Filter>base\alloter</Filter>
    </ClCompile>
    <ClCompile Include="base\alloter\PoolAlloter.cpp">
      <Filter>base\alloter</Filter>
    </ClCompile>
    <ClCompile Include="base\alloter\BlockMemoryPool.cpp">
      <Filter>base\alloter</Filter>
    </ClCompile>
    <ClCompile Include="base\timer\TimerSlot.cpp">
      <Filter>base\timer</Filter>
    </ClCompile>
    <ClCompile Include="base\util\Bitmap.cpp">
      <Filter>base\util</Filter>
    </ClCompile>
    <ClCompile Include="base\util\time.cpp">
      <Filter>base\util</Filter>
    </ClCompile>
    <ClCompile Include="base\util\Random.cpp">
      <Filter>base\util</Filter>
    </ClCompile>
    <ClCompile Include="base\timer\TimerContainer.cpp">
      <Filter>base\timer</Filter>
    </ClCompile>
  </ItemGroup>
  <ItemGroup>
    <ClInclude Include="SinglyList.h">
      <Filter>头文件</Filter>
    </ClInclude>
    <ClInclude Include="DoublyList.h">
      <Filter>头文件</Filter>
    </ClInclude>
    <ClInclude Include="List.h">
      <Filter>头文件</Filter>
    </ClInclude>
    <ClInclude Include="Allocator.h">
      <Filter>头文件</Filter>
    </ClInclude>
    <ClInclude Include="Alloc.h">
      <Filter>头文件</Filter>
    </ClInclude>
    <ClInclude Include="base\alloter\IAlloter.h">
      <Filter>base\alloter</Filter>
    </ClInclude>
    <ClInclude Include="base\alloter\NormalAlloter.h">
      <Filter>base\alloter</Filter>
    </ClInclude>
    <ClInclude Include="base\alloter\PoolAlloter.h">
      <Filter>base\alloter</Filter>
    </ClInclude>
    <ClInclude Include="base\alloter\BlockMemoryPool.h">
      <Filter>base\alloter</Filter>
    </ClInclude>
    <ClInclude Include="config\NetConfig.h">
      <Filter>config</Filter>
    </ClInclude>
    <ClInclude Include="base\public.h">
      <Filter>base</Filter>
    </ClInclude>
    <ClInclude Include="base\struct\ListSlot.h">
      <Filter>base\struct</Filter>
    </ClInclude>
    <ClInclude Include="base\struct\List.h">
      <Filter>base\struct</Filter>
    </ClInclude>
    <ClInclude Include="base\thread\Thread.h">
      <Filter>base\thread</Filter>
    </ClInclude>
    <ClInclude Include="base\thread\ThreadWithQueue.h">
      <Filter>base\thread</Filter>
    </ClInclude>
    <ClInclude Include="base\struct\ThreadSafeBlockQueue.h">
      <Filter>base\struct</Filter>
    </ClInclude>
    <ClInclude Include="base\struct\ThreadSafeQueue.h">
      <Filter>base\struct</Filter>
    </ClInclude>
    <ClInclude Include="base\timer\TimerSlot.h">
      <Filter>base\timer</Filter>
    </ClInclude>
    <ClInclude Include="base\util\Bitmap.h">
      <Filter>base\util</Filter>
    </ClInclude>
    <ClInclude Include="base\util\Singleton.h">
      <Filter>base\util</Filter>
    </ClInclude>
    <ClInclude Include="base\util\time.h">
      <Filter>base\util</Filter>
    </ClInclude>
    <ClInclude Include="base\util\Random.h">
      <Filter>base\util</Filter>
    </ClInclude>
    <ClInclude Include="base\timer\TimerInterface.h">
      <Filter>base\timer</Filter>
    </ClInclude>
    <ClInclude Include="base\timer\TimerContainer.h">
      <Filter>base\timer</Filter>
    </ClInclude>
  </ItemGroup>
</Project>